
Microsoft Visual Studio Solution File, Format Version 12.00
# Visual Studio Version 17
VisualStudioVersion = 17.2.32630.192
MinimumVisualStudioVersion = 10.0.40219.1
Project("{2150E333-8FDC-42A3-9474-1A3956D46DE8}") = "src", "src", "{ED86E6F6-871B-450C-B191-FF35A2619754}"
EndProject
Project("{2150E333-8FDC-42A3-9474-1A3956D46DE8}") = "Solution Items", "Solution Items", "{7D8ABC45-3823-4365-9D26-2DF86AC2BE01}"
	ProjectSection(SolutionItems) = preProject
		.editorconfig = .editorconfig
		.gitignore = .gitignore
		BuildTest.ps1 = BuildTest.ps1
		src\Directory.Build.props = src\Directory.Build.props
		test\Directory.Build.props = test\Directory.Build.props
		global.json = global.json
		LICENSE = LICENSE
		README.md = README.md
	EndProjectSection
EndProject
Project("{9A19103F-16F7-4668-BE54-9A1E7A4F7556}") = "JiiLib", "src\JiiLib\JiiLib.csproj", "{45746AAA-C725-48D5-8957-161D5E68CFC7}"
EndProject
Project("{9A19103F-16F7-4668-BE54-9A1E7A4F7556}") = "JiiLib.Media", "src\JiiLib.Media\JiiLib.Media.csproj", "{6FB30C20-6D1F-4395-9BB7-9E0F2826D4E9}"
EndProject
Project("{9A19103F-16F7-4668-BE54-9A1E7A4F7556}") = "JiiLib.SimpleDsl", "src\SimpleDsl\JiiLib.SimpleDsl.csproj", "{509AD58E-4F25-4DE5-8ACB-989A46FB3813}"
EndProject
Project("{2150E333-8FDC-42A3-9474-1A3956D46DE8}") = "test", "test", "{EC91EE0B-4C1F-476F-8452-746E264E50DE}"
EndProject
Project("{FAE04EC0-301F-11D3-BF4B-00C04F79EFBC}") = "JiiLib.Media.Tests", "test\JiiLib.Media.Tests\JiiLib.Media.Tests.csproj", "{C3E544D4-3771-471B-96BD-07C9352DBD82}"
EndProject
Project("{9A19103F-16F7-4668-BE54-9A1E7A4F7556}") = "JiiLib.Collections", "src\JiiLib.Collections\JiiLib.Collections.csproj", "{003DE741-7E2B-4FFE-A15A-25126F0DA285}"
EndProject
Project("{9A19103F-16F7-4668-BE54-9A1E7A4F7556}") = "JiiLib.Components", "src\JiiLib.Components\JiiLib.Components.csproj", "{5F0DBF28-9F09-4C0A-BCF6-3EB41A822025}"
EndProject
Project("{9A19103F-16F7-4668-BE54-9A1E7A4F7556}") = "JiiLib.Components.Dynamic", "src\JiiLib.Components.Dynamic\JiiLib.Components.Dynamic.csproj", "{5C27EA52-E5F0-4444-A090-C2BE146BBFFD}"
EndProject
Project("{9A19103F-16F7-4668-BE54-9A1E7A4F7556}") = "JiiLib.Collections.Tests", "test\JiiLib.Collections.Tests\JiiLib.Collections.Tests.csproj", "{B70ED5AD-A7E1-43EA-9BFC-5EDE1F7E4781}"
EndProject
Project("{9A19103F-16F7-4668-BE54-9A1E7A4F7556}") = "JiiLib.Constraints", "src\JiiLib.Constraints\JiiLib.Constraints.csproj", "{644E2B65-DFCC-43FB-9B65-C31774907606}"
EndProject
Project("{9A19103F-16F7-4668-BE54-9A1E7A4F7556}") = "JiiLib.Constraints.Tests", "test\JiiLib.Constraints.Tests\JiiLib.Constraints.Tests.csproj", "{C2D3B791-8100-4EE8-B95A-C2286B546CFE}"
EndProject
Project("{9A19103F-16F7-4668-BE54-9A1E7A4F7556}") = "JiiLib.Components.Tests", "test\JiiLib.Components.Tests\JiiLib.Components.Tests.csproj", "{7E4207F8-6FC0-49D2-A6F6-363A87F0ADB6}"
EndProject
Project("{FAE04EC0-301F-11D3-BF4B-00C04F79EFBC}") = "JiiLib.Components.Dynamic.Tests", "test\JiiLib.Components.Dynamic.Tests\JiiLib.Components.Dynamic.Tests.csproj", "{1E6D4DE6-5D71-4629-B605-86734E4A255B}"
EndProject
Project("{FAE04EC0-301F-11D3-BF4B-00C04F79EFBC}") = "JiiLib.Components.Tests.Manual", "test\JiiLib.Components.Tests.Manual\JiiLib.Components.Tests.Manual.csproj", "{B4D22B3C-284D-496E-9815-8C8475E75685}"
EndProject
Project("{9A19103F-16F7-4668-BE54-9A1E7A4F7556}") = "JiiLib.CapsLight", "src\JiiLib.CapsLight\JiiLib.CapsLight.csproj", "{40A4657E-A550-47B8-B32C-10B1559E5A82}"
EndProject
Project("{FAE04EC0-301F-11D3-BF4B-00C04F79EFBC}") = "JiiLib.Analyzers", "src\JiiLib.Analyzers\JiiLib.Analyzers.csproj", "{7A2C74AF-2B73-4BB3-9463-E8C00F5AF7E3}"
EndProject
Global
	GlobalSection(SolutionConfigurationPlatforms) = preSolution
		Debug|Any CPU = Debug|Any CPU
		Release|Any CPU = Release|Any CPU
	EndGlobalSection
	GlobalSection(ProjectConfigurationPlatforms) = postSolution
		{45746AAA-C725-48D5-8957-161D5E68CFC7}.Debug|Any CPU.ActiveCfg = Debug|Any CPU
		{45746AAA-C725-48D5-8957-161D5E68CFC7}.Debug|Any CPU.Build.0 = Debug|Any CPU
		{45746AAA-C725-48D5-8957-161D5E68CFC7}.Release|Any CPU.ActiveCfg = Release|Any CPU
		{45746AAA-C725-48D5-8957-161D5E68CFC7}.Release|Any CPU.Build.0 = Release|Any CPU
		{6FB30C20-6D1F-4395-9BB7-9E0F2826D4E9}.Debug|Any CPU.ActiveCfg = Debug|Any CPU
		{6FB30C20-6D1F-4395-9BB7-9E0F2826D4E9}.Debug|Any CPU.Build.0 = Debug|Any CPU
		{6FB30C20-6D1F-4395-9BB7-9E0F2826D4E9}.Release|Any CPU.ActiveCfg = Release|Any CPU
		{6FB30C20-6D1F-4395-9BB7-9E0F2826D4E9}.Release|Any CPU.Build.0 = Release|Any CPU
		{509AD58E-4F25-4DE5-8ACB-989A46FB3813}.Debug|Any CPU.ActiveCfg = Debug|Any CPU
		{509AD58E-4F25-4DE5-8ACB-989A46FB3813}.Debug|Any CPU.Build.0 = Debug|Any CPU
		{509AD58E-4F25-4DE5-8ACB-989A46FB3813}.Release|Any CPU.ActiveCfg = Release|Any CPU
		{509AD58E-4F25-4DE5-8ACB-989A46FB3813}.Release|Any CPU.Build.0 = Release|Any CPU
		{C3E544D4-3771-471B-96BD-07C9352DBD82}.Debug|Any CPU.ActiveCfg = Debug|Any CPU
		{C3E544D4-3771-471B-96BD-07C9352DBD82}.Debug|Any CPU.Build.0 = Debug|Any CPU
		{C3E544D4-3771-471B-96BD-07C9352DBD82}.Release|Any CPU.ActiveCfg = Release|Any CPU
		{C3E544D4-3771-471B-96BD-07C9352DBD82}.Release|Any CPU.Build.0 = Release|Any CPU
		{003DE741-7E2B-4FFE-A15A-25126F0DA285}.Debug|Any CPU.ActiveCfg = Debug|Any CPU
		{003DE741-7E2B-4FFE-A15A-25126F0DA285}.Debug|Any CPU.Build.0 = Debug|Any CPU
		{003DE741-7E2B-4FFE-A15A-25126F0DA285}.Release|Any CPU.ActiveCfg = Release|Any CPU
		{003DE741-7E2B-4FFE-A15A-25126F0DA285}.Release|Any CPU.Build.0 = Release|Any CPU
		{5F0DBF28-9F09-4C0A-BCF6-3EB41A822025}.Debug|Any CPU.ActiveCfg = Debug|Any CPU
		{5F0DBF28-9F09-4C0A-BCF6-3EB41A822025}.Debug|Any CPU.Build.0 = Debug|Any CPU
		{5F0DBF28-9F09-4C0A-BCF6-3EB41A822025}.Release|Any CPU.ActiveCfg = Release|Any CPU
		{5F0DBF28-9F09-4C0A-BCF6-3EB41A822025}.Release|Any CPU.Build.0 = Release|Any CPU
		{5C27EA52-E5F0-4444-A090-C2BE146BBFFD}.Debug|Any CPU.ActiveCfg = Debug|Any CPU
		{5C27EA52-E5F0-4444-A090-C2BE146BBFFD}.Debug|Any CPU.Build.0 = Debug|Any CPU
		{5C27EA52-E5F0-4444-A090-C2BE146BBFFD}.Release|Any CPU.ActiveCfg = Release|Any CPU
		{5C27EA52-E5F0-4444-A090-C2BE146BBFFD}.Release|Any CPU.Build.0 = Release|Any CPU
		{B70ED5AD-A7E1-43EA-9BFC-5EDE1F7E4781}.Debug|Any CPU.ActiveCfg = Debug|Any CPU
		{B70ED5AD-A7E1-43EA-9BFC-5EDE1F7E4781}.Debug|Any CPU.Build.0 = Debug|Any CPU
		{B70ED5AD-A7E1-43EA-9BFC-5EDE1F7E4781}.Release|Any CPU.ActiveCfg = Release|Any CPU
		{B70ED5AD-A7E1-43EA-9BFC-5EDE1F7E4781}.Release|Any CPU.Build.0 = Release|Any CPU
		{644E2B65-DFCC-43FB-9B65-C31774907606}.Debug|Any CPU.ActiveCfg = Debug|Any CPU
		{644E2B65-DFCC-43FB-9B65-C31774907606}.Debug|Any CPU.Build.0 = Debug|Any CPU
		{644E2B65-DFCC-43FB-9B65-C31774907606}.Release|Any CPU.ActiveCfg = Release|Any CPU
		{644E2B65-DFCC-43FB-9B65-C31774907606}.Release|Any CPU.Build.0 = Release|Any CPU
		{C2D3B791-8100-4EE8-B95A-C2286B546CFE}.Debug|Any CPU.ActiveCfg = Debug|Any CPU
		{C2D3B791-8100-4EE8-B95A-C2286B546CFE}.Debug|Any CPU.Build.0 = Debug|Any CPU
		{C2D3B791-8100-4EE8-B95A-C2286B546CFE}.Release|Any CPU.ActiveCfg = Release|Any CPU
		{C2D3B791-8100-4EE8-B95A-C2286B546CFE}.Release|Any CPU.Build.0 = Release|Any CPU
		{7E4207F8-6FC0-49D2-A6F6-363A87F0ADB6}.Debug|Any CPU.ActiveCfg = Debug|Any CPU
		{7E4207F8-6FC0-49D2-A6F6-363A87F0ADB6}.Debug|Any CPU.Build.0 = Debug|Any CPU
		{7E4207F8-6FC0-49D2-A6F6-363A87F0ADB6}.Release|Any CPU.ActiveCfg = Release|Any CPU
		{7E4207F8-6FC0-49D2-A6F6-363A87F0ADB6}.Release|Any CPU.Build.0 = Release|Any CPU
		{1E6D4DE6-5D71-4629-B605-86734E4A255B}.Debug|Any CPU.ActiveCfg = Debug|Any CPU
		{1E6D4DE6-5D71-4629-B605-86734E4A255B}.Debug|Any CPU.Build.0 = Debug|Any CPU
		{1E6D4DE6-5D71-4629-B605-86734E4A255B}.Release|Any CPU.ActiveCfg = Release|Any CPU
		{1E6D4DE6-5D71-4629-B605-86734E4A255B}.Release|Any CPU.Build.0 = Release|Any CPU
		{B4D22B3C-284D-496E-9815-8C8475E75685}.Debug|Any CPU.ActiveCfg = Debug|Any CPU
		{B4D22B3C-284D-496E-9815-8C8475E75685}.Debug|Any CPU.Build.0 = Debug|Any CPU
		{B4D22B3C-284D-496E-9815-8C8475E75685}.Release|Any CPU.ActiveCfg = Release|Any CPU
		{B4D22B3C-284D-496E-9815-8C8475E75685}.Release|Any CPU.Build.0 = Release|Any CPU
		{40A4657E-A550-47B8-B32C-10B1559E5A82}.Debug|Any CPU.ActiveCfg = Debug|Any CPU
		{40A4657E-A550-47B8-B32C-10B1559E5A82}.Debug|Any CPU.Build.0 = Debug|Any CPU
		{40A4657E-A550-47B8-B32C-10B1559E5A82}.Release|Any CPU.ActiveCfg = Release|Any CPU
		{40A4657E-A550-47B8-B32C-10B1559E5A82}.Release|Any CPU.Build.0 = Release|Any CPU
		{7A2C74AF-2B73-4BB3-9463-E8C00F5AF7E3}.Debug|Any CPU.ActiveCfg = Debug|Any CPU
		{7A2C74AF-2B73-4BB3-9463-E8C00F5AF7E3}.Debug|Any CPU.Build.0 = Debug|Any CPU
		{7A2C74AF-2B73-4BB3-9463-E8C00F5AF7E3}.Release|Any CPU.ActiveCfg = Release|Any CPU
		{7A2C74AF-2B73-4BB3-9463-E8C00F5AF7E3}.Release|Any CPU.Build.0 = Release|Any CPU
	EndGlobalSection
	GlobalSection(SolutionProperties) = preSolution
		HideSolutionNode = FALSE
	EndGlobalSection
	GlobalSection(NestedProjects) = preSolution
		{45746AAA-C725-48D5-8957-161D5E68CFC7} = {ED86E6F6-871B-450C-B191-FF35A2619754}
		{6FB30C20-6D1F-4395-9BB7-9E0F2826D4E9} = {ED86E6F6-871B-450C-B191-FF35A2619754}
		{509AD58E-4F25-4DE5-8ACB-989A46FB3813} = {ED86E6F6-871B-450C-B191-FF35A2619754}
		{C3E544D4-3771-471B-96BD-07C9352DBD82} = {EC91EE0B-4C1F-476F-8452-746E264E50DE}
		{003DE741-7E2B-4FFE-A15A-25126F0DA285} = {ED86E6F6-871B-450C-B191-FF35A2619754}
		{5F0DBF28-9F09-4C0A-BCF6-3EB41A822025} = {ED86E6F6-871B-450C-B191-FF35A2619754}
		{5C27EA52-E5F0-4444-A090-C2BE146BBFFD} = {ED86E6F6-871B-450C-B191-FF35A2619754}
		{B70ED5AD-A7E1-43EA-9BFC-5EDE1F7E4781} = {EC91EE0B-4C1F-476F-8452-746E264E50DE}
		{644E2B65-DFCC-43FB-9B65-C31774907606} = {ED86E6F6-871B-450C-B191-FF35A2619754}
		{C2D3B791-8100-4EE8-B95A-C2286B546CFE} = {EC91EE0B-4C1F-476F-8452-746E264E50DE}
		{7E4207F8-6FC0-49D2-A6F6-363A87F0ADB6} = {EC91EE0B-4C1F-476F-8452-746E264E50DE}
		{1E6D4DE6-5D71-4629-B605-86734E4A255B} = {EC91EE0B-4C1F-476F-8452-746E264E50DE}
		{B4D22B3C-284D-496E-9815-8C8475E75685} = {EC91EE0B-4C1F-476F-8452-746E264E50DE}
		{40A4657E-A550-47B8-B32C-10B1559E5A82} = {ED86E6F6-871B-450C-B191-FF35A2619754}
		{7A2C74AF-2B73-4BB3-9463-E8C00F5AF7E3} = {ED86E6F6-871B-450C-B191-FF35A2619754}
	EndGlobalSection
	GlobalSection(ExtensibilityGlobals) = postSolution
		SolutionGuid = {ACD9B62C-5D79-4F2F-98EC-AB359247996E}
	EndGlobalSection
EndGlobal
