
Microsoft Visual Studio Solution File, Format Version 12.00
# Visual Studio 14
VisualStudioVersion = 14.0.24720.0
MinimumVisualStudioVersion = 10.0.40219.1
Project("{2150E333-8FDC-42A3-9474-1A3956D46DE8}") = "src", "src", "{ED86E6F6-871B-450C-B191-FF35A2619754}"
EndProject
Project("{2150E333-8FDC-42A3-9474-1A3956D46DE8}") = "Solution Items", "Solution Items", "{7D8ABC45-3823-4365-9D26-2DF86AC2BE01}"
	ProjectSection(SolutionItems) = preProject
		global.json = global.json
	EndProjectSection
EndProject
Project("{8BB2217D-0F2D-49D1-97BC-3654ED321F3B}") = "JiiLib", "src\JiiLib\JiiLib.xproj", "{45746AAA-C725-48D5-8957-161D5E68CFC7}"
EndProject
Project("{8BB2217D-0F2D-49D1-97BC-3654ED321F3B}") = "JiiLib.Net", "src\JiiLib.Net\JiiLib.Net.xproj", "{71B6DA4E-A5FC-4250-852A-28CB42E94437}"
EndProject
Project("{8BB2217D-0F2D-49D1-97BC-3654ED321F3B}") = "JiiLib.Media", "src\JiiLib.Media\JiiLib.Media.xproj", "{6FB30C20-6D1F-4395-9BB7-9E0F2826D4E9}"
EndProject
Project("{8BB2217D-0F2D-49D1-97BC-3654ED321F3B}") = "tester", "src\tester\tester.xproj", "{70AEA944-841E-4803-8B45-CF0F51BE2FA1}"
EndProject
Global
	GlobalSection(SolutionConfigurationPlatforms) = preSolution
		Debug|Any CPU = Debug|Any CPU
		Release|Any CPU = Release|Any CPU
	EndGlobalSection
	GlobalSection(ProjectConfigurationPlatforms) = postSolution
		{45746AAA-C725-48D5-8957-161D5E68CFC7}.Debug|Any CPU.ActiveCfg = Debug|Any CPU
		{45746AAA-C725-48D5-8957-161D5E68CFC7}.Debug|Any CPU.Build.0 = Debug|Any CPU
		{45746AAA-C725-48D5-8957-161D5E68CFC7}.Release|Any CPU.ActiveCfg = Release|Any CPU
		{45746AAA-C725-48D5-8957-161D5E68CFC7}.Release|Any CPU.Build.0 = Release|Any CPU
		{71B6DA4E-A5FC-4250-852A-28CB42E94437}.Debug|Any CPU.ActiveCfg = Debug|Any CPU
		{71B6DA4E-A5FC-4250-852A-28CB42E94437}.Debug|Any CPU.Build.0 = Debug|Any CPU
		{71B6DA4E-A5FC-4250-852A-28CB42E94437}.Release|Any CPU.ActiveCfg = Release|Any CPU
		{71B6DA4E-A5FC-4250-852A-28CB42E94437}.Release|Any CPU.Build.0 = Release|Any CPU
		{6FB30C20-6D1F-4395-9BB7-9E0F2826D4E9}.Debug|Any CPU.ActiveCfg = Debug|Any CPU
		{6FB30C20-6D1F-4395-9BB7-9E0F2826D4E9}.Debug|Any CPU.Build.0 = Debug|Any CPU
		{6FB30C20-6D1F-4395-9BB7-9E0F2826D4E9}.Release|Any CPU.ActiveCfg = Release|Any CPU
		{6FB30C20-6D1F-4395-9BB7-9E0F2826D4E9}.Release|Any CPU.Build.0 = Release|Any CPU
		{70AEA944-841E-4803-8B45-CF0F51BE2FA1}.Debug|Any CPU.ActiveCfg = Debug|Any CPU
		{70AEA944-841E-4803-8B45-CF0F51BE2FA1}.Debug|Any CPU.Build.0 = Debug|Any CPU
		{70AEA944-841E-4803-8B45-CF0F51BE2FA1}.Release|Any CPU.ActiveCfg = Release|Any CPU
		{70AEA944-841E-4803-8B45-CF0F51BE2FA1}.Release|Any CPU.Build.0 = Release|Any CPU
	EndGlobalSection
	GlobalSection(SolutionProperties) = preSolution
		HideSolutionNode = FALSE
	EndGlobalSection
	GlobalSection(NestedProjects) = preSolution
		{45746AAA-C725-48D5-8957-161D5E68CFC7} = {ED86E6F6-871B-450C-B191-FF35A2619754}
		{71B6DA4E-A5FC-4250-852A-28CB42E94437} = {ED86E6F6-871B-450C-B191-FF35A2619754}
		{6FB30C20-6D1F-4395-9BB7-9E0F2826D4E9} = {ED86E6F6-871B-450C-B191-FF35A2619754}
		{70AEA944-841E-4803-8B45-CF0F51BE2FA1} = {ED86E6F6-871B-450C-B191-FF35A2619754}
	EndGlobalSection
EndGlobal
