
Microsoft Visual Studio Solution File, Format Version 12.00
# Visual Studio Version 16
VisualStudioVersion = 16.0.29418.71
MinimumVisualStudioVersion = 10.0.40219.1
Project("{2150E333-8FDC-42A3-9474-1A3956D46DE8}") = "src", "src", "{ED86E6F6-871B-450C-B191-FF35A2619754}"
EndProject
Project("{2150E333-8FDC-42A3-9474-1A3956D46DE8}") = "Solution Items", "Solution Items", "{7D8ABC45-3823-4365-9D26-2DF86AC2BE01}"
	ProjectSection(SolutionItems) = preProject
		global.json = global.json
	EndProjectSection
EndProject
Project("{9A19103F-16F7-4668-BE54-9A1E7A4F7556}") = "JiiLib", "src\JiiLib\JiiLib.csproj", "{45746AAA-C725-48D5-8957-161D5E68CFC7}"
EndProject
Project("{9A19103F-16F7-4668-BE54-9A1E7A4F7556}") = "JiiLib.Media", "src\JiiLib.Media\JiiLib.Media.csproj", "{6FB30C20-6D1F-4395-9BB7-9E0F2826D4E9}"
EndProject
Project("{9A19103F-16F7-4668-BE54-9A1E7A4F7556}") = "JiiLib.SimpleDsl", "src\SimpleDsl\JiiLib.SimpleDsl.csproj", "{509AD58E-4F25-4DE5-8ACB-989A46FB3813}"
EndProject
Global
	GlobalSection(SolutionConfigurationPlatforms) = preSolution
		Debug|Any CPU = Debug|Any CPU
		Release|Any CPU = Release|Any CPU
	EndGlobalSection
	GlobalSection(ProjectConfigurationPlatforms) = postSolution
		{45746AAA-C725-48D5-8957-161D5E68CFC7}.Debug|Any CPU.ActiveCfg = Debug|Any CPU
		{45746AAA-C725-48D5-8957-161D5E68CFC7}.Debug|Any CPU.Build.0 = Debug|Any CPU
		{45746AAA-C725-48D5-8957-161D5E68CFC7}.Release|Any CPU.ActiveCfg = Release|Any CPU
		{45746AAA-C725-48D5-8957-161D5E68CFC7}.Release|Any CPU.Build.0 = Release|Any CPU
		{6FB30C20-6D1F-4395-9BB7-9E0F2826D4E9}.Debug|Any CPU.ActiveCfg = Debug|Any CPU
		{6FB30C20-6D1F-4395-9BB7-9E0F2826D4E9}.Debug|Any CPU.Build.0 = Debug|Any CPU
		{6FB30C20-6D1F-4395-9BB7-9E0F2826D4E9}.Release|Any CPU.ActiveCfg = Release|Any CPU
		{6FB30C20-6D1F-4395-9BB7-9E0F2826D4E9}.Release|Any CPU.Build.0 = Release|Any CPU
		{509AD58E-4F25-4DE5-8ACB-989A46FB3813}.Debug|Any CPU.ActiveCfg = Debug|Any CPU
		{509AD58E-4F25-4DE5-8ACB-989A46FB3813}.Debug|Any CPU.Build.0 = Debug|Any CPU
		{509AD58E-4F25-4DE5-8ACB-989A46FB3813}.Release|Any CPU.ActiveCfg = Release|Any CPU
		{509AD58E-4F25-4DE5-8ACB-989A46FB3813}.Release|Any CPU.Build.0 = Release|Any CPU
	EndGlobalSection
	GlobalSection(SolutionProperties) = preSolution
		HideSolutionNode = FALSE
	EndGlobalSection
	GlobalSection(NestedProjects) = preSolution
		{45746AAA-C725-48D5-8957-161D5E68CFC7} = {ED86E6F6-871B-450C-B191-FF35A2619754}
		{6FB30C20-6D1F-4395-9BB7-9E0F2826D4E9} = {ED86E6F6-871B-450C-B191-FF35A2619754}
		{509AD58E-4F25-4DE5-8ACB-989A46FB3813} = {ED86E6F6-871B-450C-B191-FF35A2619754}
	EndGlobalSection
	GlobalSection(ExtensibilityGlobals) = postSolution
		SolutionGuid = {ACD9B62C-5D79-4F2F-98EC-AB359247996E}
	EndGlobalSection
EndGlobal
